
Microsoft Visual Studio Solution File, Format Version 12.00
# Visual Studio 2013
VisualStudioVersion = 12.0.31101.0
MinimumVisualStudioVersion = 10.0.40219.1
Project("{FAE04EC0-301F-11D3-BF4B-00C04F79EFBC}") = "FacadePatternExample", "FacadePatternExample\FacadePatternExample.csproj", "{9B64ED28-0007-4C41-B7B6-C01B56D1280B}"
EndProject
Global
	GlobalSection(SolutionConfigurationPlatforms) = preSolution
		Debug|Any CPU = Debug|Any CPU
		Release|Any CPU = Release|Any CPU
	EndGlobalSection
	GlobalSection(ProjectConfigurationPlatforms) = postSolution
		{9B64ED28-0007-4C41-B7B6-C01B56D1280B}.Debug|Any CPU.ActiveCfg = Debug|Any CPU
		{9B64ED28-0007-4C41-B7B6-C01B56D1280B}.Debug|Any CPU.Build.0 = Debug|Any CPU
		{9B64ED28-0007-4C41-B7B6-C01B56D1280B}.Release|Any CPU.ActiveCfg = Release|Any CPU
		{9B64ED28-0007-4C41-B7B6-C01B56D1280B}.Release|Any CPU.Build.0 = Release|Any CPU
	EndGlobalSection
	GlobalSection(SolutionProperties) = preSolution
		HideSolutionNode = FALSE
	EndGlobalSection
EndGlobal
