
Microsoft Visual Studio Solution File, Format Version 12.00
# Visual Studio 2013
VisualStudioVersion = 12.0.21005.1
MinimumVisualStudioVersion = 10.0.40219.1
Project("{FAE04EC0-301F-11D3-BF4B-00C04F79EFBC}") = "MSSQL", "MSSQL\MSSQL.csproj", "{DD01F2D2-E713-43DF-8457-3EB59FCB21DE}"
EndProject
Project("{FAE04EC0-301F-11D3-BF4B-00C04F79EFBC}") = "MySqlBookLibrary", "MySqlBookLibrary\MySqlBookLibrary.csproj", "{19A00464-A2B6-4C49-B2CE-B4E9BA429068}"
EndProject
Global
	GlobalSection(SolutionConfigurationPlatforms) = preSolution
		Debug|Any CPU = Debug|Any CPU
		Release|Any CPU = Release|Any CPU
	EndGlobalSection
	GlobalSection(ProjectConfigurationPlatforms) = postSolution
		{DD01F2D2-E713-43DF-8457-3EB59FCB21DE}.Debug|Any CPU.ActiveCfg = Debug|Any CPU
		{DD01F2D2-E713-43DF-8457-3EB59FCB21DE}.Debug|Any CPU.Build.0 = Debug|Any CPU
		{DD01F2D2-E713-43DF-8457-3EB59FCB21DE}.Release|Any CPU.ActiveCfg = Release|Any CPU
		{DD01F2D2-E713-43DF-8457-3EB59FCB21DE}.Release|Any CPU.Build.0 = Release|Any CPU
		{19A00464-A2B6-4C49-B2CE-B4E9BA429068}.Debug|Any CPU.ActiveCfg = Debug|Any CPU
		{19A00464-A2B6-4C49-B2CE-B4E9BA429068}.Debug|Any CPU.Build.0 = Debug|Any CPU
		{19A00464-A2B6-4C49-B2CE-B4E9BA429068}.Release|Any CPU.ActiveCfg = Release|Any CPU
		{19A00464-A2B6-4C49-B2CE-B4E9BA429068}.Release|Any CPU.Build.0 = Release|Any CPU
	EndGlobalSection
	GlobalSection(SolutionProperties) = preSolution
		HideSolutionNode = FALSE
	EndGlobalSection
EndGlobal
