
Microsoft Visual Studio Solution File, Format Version 12.00
# Visual Studio 2013
VisualStudioVersion = 12.0.21005.1
MinimumVisualStudioVersion = 10.0.40219.1
Project("{FAE04EC0-301F-11D3-BF4B-00C04F79EFBC}") = "01.TreeView", "01.TreeView\01.TreeView.csproj", "{713FCC0A-EDB5-410E-A526-25DEE0F91C62}"
EndProject
Project("{FAE04EC0-301F-11D3-BF4B-00C04F79EFBC}") = "02.MusicCategories", "02.MusicCategories\02.MusicCategories.csproj", "{FA493EFF-36B4-4B6D-8B2B-10968F978276}"
EndProject
Project("{FAE04EC0-301F-11D3-BF4B-00C04F79EFBC}") = "03.MembersLogin", "03.MembersLogin\03.MembersLogin.csproj", "{EC435BB1-423A-4968-9021-3BC2CDF7E725}"
EndProject
Project("{FAE04EC0-301F-11D3-BF4B-00C04F79EFBC}") = "04.CSSDocumentationSite", "04.CSSDocumentationSite\04.CSSDocumentationSite.csproj", "{13E58D91-269D-46A3-AB34-CDA45358D565}"
EndProject
Project("{FAE04EC0-301F-11D3-BF4B-00C04F79EFBC}") = "05.LaptopStore", "05.LaptopStore\05.LaptopStore.csproj", "{8E7532ED-15EF-4147-9F42-5EC90DC11175}"
EndProject
Project("{FAE04EC0-301F-11D3-BF4B-00C04F79EFBC}") = "06.NewsSite", "06.NewsSite\06.NewsSite.csproj", "{066E2D18-EC2E-497F-8C6D-C11B41CDAF46}"
EndProject
Global
	GlobalSection(SolutionConfigurationPlatforms) = preSolution
		Debug|Any CPU = Debug|Any CPU
		Release|Any CPU = Release|Any CPU
	EndGlobalSection
	GlobalSection(ProjectConfigurationPlatforms) = postSolution
		{713FCC0A-EDB5-410E-A526-25DEE0F91C62}.Debug|Any CPU.ActiveCfg = Debug|Any CPU
		{713FCC0A-EDB5-410E-A526-25DEE0F91C62}.Debug|Any CPU.Build.0 = Debug|Any CPU
		{713FCC0A-EDB5-410E-A526-25DEE0F91C62}.Release|Any CPU.ActiveCfg = Release|Any CPU
		{713FCC0A-EDB5-410E-A526-25DEE0F91C62}.Release|Any CPU.Build.0 = Release|Any CPU
		{FA493EFF-36B4-4B6D-8B2B-10968F978276}.Debug|Any CPU.ActiveCfg = Debug|Any CPU
		{FA493EFF-36B4-4B6D-8B2B-10968F978276}.Debug|Any CPU.Build.0 = Debug|Any CPU
		{FA493EFF-36B4-4B6D-8B2B-10968F978276}.Release|Any CPU.ActiveCfg = Release|Any CPU
		{FA493EFF-36B4-4B6D-8B2B-10968F978276}.Release|Any CPU.Build.0 = Release|Any CPU
		{EC435BB1-423A-4968-9021-3BC2CDF7E725}.Debug|Any CPU.ActiveCfg = Debug|Any CPU
		{EC435BB1-423A-4968-9021-3BC2CDF7E725}.Debug|Any CPU.Build.0 = Debug|Any CPU
		{EC435BB1-423A-4968-9021-3BC2CDF7E725}.Release|Any CPU.ActiveCfg = Release|Any CPU
		{EC435BB1-423A-4968-9021-3BC2CDF7E725}.Release|Any CPU.Build.0 = Release|Any CPU
		{13E58D91-269D-46A3-AB34-CDA45358D565}.Debug|Any CPU.ActiveCfg = Debug|Any CPU
		{13E58D91-269D-46A3-AB34-CDA45358D565}.Debug|Any CPU.Build.0 = Debug|Any CPU
		{13E58D91-269D-46A3-AB34-CDA45358D565}.Release|Any CPU.ActiveCfg = Release|Any CPU
		{13E58D91-269D-46A3-AB34-CDA45358D565}.Release|Any CPU.Build.0 = Release|Any CPU
		{8E7532ED-15EF-4147-9F42-5EC90DC11175}.Debug|Any CPU.ActiveCfg = Debug|Any CPU
		{8E7532ED-15EF-4147-9F42-5EC90DC11175}.Debug|Any CPU.Build.0 = Debug|Any CPU
		{8E7532ED-15EF-4147-9F42-5EC90DC11175}.Release|Any CPU.ActiveCfg = Release|Any CPU
		{8E7532ED-15EF-4147-9F42-5EC90DC11175}.Release|Any CPU.Build.0 = Release|Any CPU
		{066E2D18-EC2E-497F-8C6D-C11B41CDAF46}.Debug|Any CPU.ActiveCfg = Debug|Any CPU
		{066E2D18-EC2E-497F-8C6D-C11B41CDAF46}.Debug|Any CPU.Build.0 = Debug|Any CPU
		{066E2D18-EC2E-497F-8C6D-C11B41CDAF46}.Release|Any CPU.ActiveCfg = Release|Any CPU
		{066E2D18-EC2E-497F-8C6D-C11B41CDAF46}.Release|Any CPU.Build.0 = Release|Any CPU
	EndGlobalSection
	GlobalSection(SolutionProperties) = preSolution
		HideSolutionNode = FALSE
	EndGlobalSection
EndGlobal
