
Microsoft Visual Studio Solution File, Format Version 12.00
# Visual Studio 2013
VisualStudioVersion = 12.0.21005.1
MinimumVisualStudioVersion = 10.0.40219.1
Project("{FAE04EC0-301F-11D3-BF4B-00C04F79EFBC}") = "01.DecatCoding", "01.DecatCoding\01.DecatCoding.csproj", "{ABA1809E-22F1-47CB-A7F8-AF8D9F8294EC}"
EndProject
Project("{FAE04EC0-301F-11D3-BF4B-00C04F79EFBC}") = "02.IncAbsDiff", "02.IncAbsDiff\02.IncAbsDiff.csproj", "{F691C59A-1C7B-4A5C-B596-56462696385A}"
EndProject
Project("{FAE04EC0-301F-11D3-BF4B-00C04F79EFBC}") = "03.BitShiftMatrix", "03.BitShiftMatrix\03.BitShiftMatrix.csproj", "{2839003B-2357-40DE-A0A8-7C499D03E0AF}"
EndProject
Global
	GlobalSection(SolutionConfigurationPlatforms) = preSolution
		Debug|Any CPU = Debug|Any CPU
		Release|Any CPU = Release|Any CPU
	EndGlobalSection
	GlobalSection(ProjectConfigurationPlatforms) = postSolution
		{ABA1809E-22F1-47CB-A7F8-AF8D9F8294EC}.Debug|Any CPU.ActiveCfg = Debug|Any CPU
		{ABA1809E-22F1-47CB-A7F8-AF8D9F8294EC}.Debug|Any CPU.Build.0 = Debug|Any CPU
		{ABA1809E-22F1-47CB-A7F8-AF8D9F8294EC}.Release|Any CPU.ActiveCfg = Release|Any CPU
		{ABA1809E-22F1-47CB-A7F8-AF8D9F8294EC}.Release|Any CPU.Build.0 = Release|Any CPU
		{F691C59A-1C7B-4A5C-B596-56462696385A}.Debug|Any CPU.ActiveCfg = Debug|Any CPU
		{F691C59A-1C7B-4A5C-B596-56462696385A}.Debug|Any CPU.Build.0 = Debug|Any CPU
		{F691C59A-1C7B-4A5C-B596-56462696385A}.Release|Any CPU.ActiveCfg = Release|Any CPU
		{F691C59A-1C7B-4A5C-B596-56462696385A}.Release|Any CPU.Build.0 = Release|Any CPU
		{2839003B-2357-40DE-A0A8-7C499D03E0AF}.Debug|Any CPU.ActiveCfg = Debug|Any CPU
		{2839003B-2357-40DE-A0A8-7C499D03E0AF}.Debug|Any CPU.Build.0 = Debug|Any CPU
		{2839003B-2357-40DE-A0A8-7C499D03E0AF}.Release|Any CPU.ActiveCfg = Release|Any CPU
		{2839003B-2357-40DE-A0A8-7C499D03E0AF}.Release|Any CPU.Build.0 = Release|Any CPU
	EndGlobalSection
	GlobalSection(SolutionProperties) = preSolution
		HideSolutionNode = FALSE
	EndGlobalSection
EndGlobal
